{
  "version": 4,
  "terraform_version": "1.9.8",
  "serial": 51,
  "lineage": "b5ad1ef9-29c6-4a15-67f2-13754c9a1c84",
  "outputs": {
    "instance_public_ip": {
      "value": "18.234.167.219",
      "type": "string"
    },
    "ssh_connection": {
      "value": "ssh -i ~/.ssh/id_rsa ubuntu@3.221.0.94",
      "type": "string"
    },
    "ssh_key_name": {
      "value": "web-key",
      "type": "string"
    },
    "static_ip": {
      "value": "3.221.0.94",
      "type": "string"
    }
  },
  "resources": [
    {
      "mode": "managed",
      "type": "aws_eip",
      "name": "web_static_ip",
      "provider": "provider[\"registry.terraform.io/hashicorp/aws\"]",
      "instances": [
        {
          "schema_version": 0,
          "attributes": {
            "address": null,
            "allocation_id": "eipalloc-0da4e5abe92b0f78f",
            "arn": "arn:aws:ec2:us-east-1:211105073492:elastic-ip/eipalloc-0da4e5abe92b0f78f",
            "associate_with_private_ip": null,
            "association_id": "eipassoc-0bcbe16ba78d73f03",
            "carrier_ip": "",
            "customer_owned_ip": "",
            "customer_owned_ipv4_pool": "",
            "domain": "vpc",
            "id": "eipalloc-0da4e5abe92b0f78f",
            "instance": "i-0afd11d6c77856dd6",
            "ipam_pool_id": null,
            "network_border_group": "us-east-1",
            "network_interface": "eni-0d22af528bbf0357c",
            "private_dns": "ip-172-31-82-70.ec2.internal",
            "private_ip": "172.31.82.70",
            "ptr_record": "",
            "public_dns": "ec2-3-221-0-94.compute-1.amazonaws.com",
            "public_ip": "3.221.0.94",
            "public_ipv4_pool": "amazon",
            "tags": {
              "Name": "WebStaticIP"
            },
            "tags_all": {
              "Name": "WebStaticIP"
            },
            "timeouts": null,
            "vpc": true
          },
          "sensitive_attributes": [],
          "private": "eyJlMmJmYjczMC1lY2FhLTExZTYtOGY4OC0zNDM2M2JjN2M0YzAiOnsiZGVsZXRlIjoxODAwMDAwMDAwMDAsInJlYWQiOjkwMDAwMDAwMDAwMCwidXBkYXRlIjozMDAwMDAwMDAwMDB9fQ==",
          "dependencies": [
            "aws_instance.web",
            "aws_key_pair.web_key",
            "aws_security_group.allow_common_ports"
          ]
        }
      ]
    },
    {
      "mode": "managed",
      "type": "aws_instance",
      "name": "web",
      "provider": "provider[\"registry.terraform.io/hashicorp/aws\"]",
      "instances": [
        {
          "schema_version": 1,
          "attributes": {
            "ami": "ami-0866a3c8686eaeeba",
            "arn": "arn:aws:ec2:us-east-1:211105073492:instance/i-0afd11d6c77856dd6",
            "associate_public_ip_address": true,
            "availability_zone": "us-east-1d",
            "capacity_reservation_specification": [
              {
                "capacity_reservation_preference": "open",
                "capacity_reservation_target": []
              }
            ],
            "cpu_core_count": 1,
            "cpu_options": [
              {
                "amd_sev_snp": "",
                "core_count": 1,
                "threads_per_core": 1
              }
            ],
            "cpu_threads_per_core": 1,
            "credit_specification": [
              {
                "cpu_credits": "standard"
              }
            ],
            "disable_api_stop": false,
            "disable_api_termination": false,
            "ebs_block_device": [],
            "ebs_optimized": false,
            "enclave_options": [
              {
                "enabled": false
              }
            ],
            "ephemeral_block_device": [],
            "get_password_data": false,
            "hibernation": false,
            "host_id": "",
            "host_resource_group_arn": null,
            "iam_instance_profile": "",
            "id": "i-0afd11d6c77856dd6",
            "instance_initiated_shutdown_behavior": "stop",
            "instance_lifecycle": "",
            "instance_market_options": [],
            "instance_state": "running",
            "instance_type": "t2.micro",
            "ipv6_address_count": 0,
            "ipv6_addresses": [],
            "key_name": "web-key",
            "launch_template": [],
            "maintenance_options": [
              {
                "auto_recovery": "default"
              }
            ],
            "metadata_options": [
              {
                "http_endpoint": "enabled",
                "http_protocol_ipv6": "disabled",
                "http_put_response_hop_limit": 2,
                "http_tokens": "required",
                "instance_metadata_tags": "disabled"
              }
            ],
            "monitoring": false,
            "network_interface": [],
            "outpost_arn": "",
            "password_data": "",
            "placement_group": "",
            "placement_partition_number": 0,
            "primary_network_interface_id": "eni-0d22af528bbf0357c",
            "private_dns": "ip-172-31-82-70.ec2.internal",
            "private_dns_name_options": [
              {
                "enable_resource_name_dns_a_record": false,
                "enable_resource_name_dns_aaaa_record": false,
                "hostname_type": "ip-name"
              }
            ],
            "private_ip": "172.31.82.70",
            "public_dns": "ec2-18-234-167-219.compute-1.amazonaws.com",
            "public_ip": "18.234.167.219",
            "root_block_device": [
              {
                "delete_on_termination": true,
                "device_name": "/dev/sda1",
                "encrypted": false,
                "iops": 3000,
                "kms_key_id": "",
                "tags": {},
                "tags_all": {},
                "throughput": 125,
                "volume_id": "vol-039d2682797fd005a",
                "volume_size": 8,
                "volume_type": "gp3"
              }
            ],
            "secondary_private_ips": [],
            "security_groups": [
              "allow-common-ports"
            ],
            "source_dest_check": true,
            "spot_instance_request_id": "",
            "subnet_id": "subnet-0c5f1d7fe8ed068ed",
            "tags": {
              "Name": "HelloWorld"
            },
            "tags_all": {
              "Name": "HelloWorld"
            },
            "tenancy": "default",
            "timeouts": null,
            "user_data": "5503ab2b12eb65ea08346e898a08172cf9dd37a3",
            "user_data_base64": null,
            "user_data_replace_on_change": false,
            "volume_tags": null,
            "vpc_security_group_ids": [
              "sg-0c8321ce117f4070b"
            ]
          },
          "sensitive_attributes": [],
          "private": "eyJlMmJmYjczMC1lY2FhLTExZTYtOGY4OC0zNDM2M2JjN2M0YzAiOnsiY3JlYXRlIjo2MDAwMDAwMDAwMDAsImRlbGV0ZSI6MTIwMDAwMDAwMDAwMCwicmVhZCI6OTAwMDAwMDAwMDAwLCJ1cGRhdGUiOjYwMDAwMDAwMDAwMH0sInNjaGVtYV92ZXJzaW9uIjoiMSJ9",
          "dependencies": [
            "aws_key_pair.web_key",
            "aws_security_group.allow_common_ports"
          ]
        }
      ]
    },
    {
      "mode": "managed",
      "type": "aws_key_pair",
      "name": "web_key",
      "provider": "provider[\"registry.terraform.io/hashicorp/aws\"]",
      "instances": [
        {
          "schema_version": 1,
          "attributes": {
            "arn": "arn:aws:ec2:us-east-1:211105073492:key-pair/web-key",
            "fingerprint": "2f:aa:41:6d:7f:1f:d3:19:53:09:5c:ad:d0:07:8e:5a",
            "id": "web-key",
            "key_name": "web-key",
            "key_name_prefix": "",
            "key_pair_id": "key-0d60353aced23cd26",
            "key_type": "rsa",
            "public_key": "ssh-rsa AAAAB3NzaC1yc2EAAAADAQABAAACAQC+tMfVxZrxoYUS3tlXD9bF/rMEH+85KX5tjMevzJZBmomP4Eo1p1AuRuea3CpLpXsK4TFz/PhnnbS8NlFDhVQkXDwA5bww0wF0Ru9o7wHvcVaf+9nKu7sAD2LaUlT9iwdr+l2e5T6nPtVx2MKOK2VZS3b1dZRjNzqfLuV4QjWuOqPmxYl25knwDRXuNxsvHKIZhPy5HFsXE+Ph3xjqFwYcklbfwj367ToRD0cm7WaBsAYcWSyfQTBaiHcnRYWpH1islP6Jsph99n1QXxZeufHE5R5ywdWYfvR390MaInbkb4H5nlfnVpxZSycrPohQiUzTlZ7Jus5rdrAWRq8YQs20maUM2yojwK2uPCkCBOxk5Kh0LdU6aCdwobHe/LTfsDahtEfv9LouZ0e60mgpB43uvduBFMRaa79SgsXib136WtyrUqFl5OaTZfGPcuy63LveFt6S9dbIt4hhsC4kKnwtHDX08vLtadJa746JMf+vi/+UmIJLVrrLv8PCErI6ZqU0AktsdERoGUt8TpehyRPAvuG8TupZXSioRymiLWvg6qZYoGMHWkIb3SgEC6x4Fsy/lGZ2gVYtMZM0JkTQMMu82iwk6asi7esboKD0ErnxMq0aK/LLgNmyysSEWk1HT66Q6l5FNAxpAy6ayiGs0I/nYgyGB14bfR+cJh8pbvplkw== sanjay@DESKTOP-NPQUSFJ",
            "tags": null,
            "tags_all": {}
          },
          "sensitive_attributes": [],
          "private": "eyJzY2hlbWFfdmVyc2lvbiI6IjEifQ=="
        }
      ]
    },
    {
      "mode": "managed",
      "type": "aws_security_group",
      "name": "allow_common_ports",
      "provider": "provider[\"registry.terraform.io/hashicorp/aws\"]",
      "instances": [
        {
          "schema_version": 1,
          "attributes": {
            "arn": "arn:aws:ec2:us-east-1:211105073492:security-group/sg-0c8321ce117f4070b",
            "description": "Security group to allow common ports including 3128",
            "egress": [
              {
                "cidr_blocks": [
                  "0.0.0.0/0"
                ],
                "description": "",
                "from_port": 0,
                "ipv6_cidr_blocks": [],
                "prefix_list_ids": [],
                "protocol": "-1",
                "security_groups": [],
                "self": false,
                "to_port": 0
              }
            ],
            "id": "sg-0c8321ce117f4070b",
            "ingress": [
              {
                "cidr_blocks": [
                  "0.0.0.0/0"
                ],
                "description": "Allow HTTP traffic",
                "from_port": 80,
                "ipv6_cidr_blocks": [],
                "prefix_list_ids": [],
                "protocol": "tcp",
                "security_groups": [],
                "self": false,
                "to_port": 80
              },
              {
                "cidr_blocks": [
                  "0.0.0.0/0"
                ],
                "description": "Allow HTTPS traffic",
                "from_port": 443,
                "ipv6_cidr_blocks": [],
                "prefix_list_ids": [],
                "protocol": "tcp",
                "security_groups": [],
                "self": false,
                "to_port": 443
              },
              {
                "cidr_blocks": [
                  "0.0.0.0/0"
                ],
                "description": "Allow Proxy traffic on port 3128",
                "from_port": 3128,
                "ipv6_cidr_blocks": [],
                "prefix_list_ids": [],
                "protocol": "tcp",
                "security_groups": [],
                "self": false,
                "to_port": 3128
              },
              {
                "cidr_blocks": [
                  "0.0.0.0/0"
                ],
                "description": "Allow SSH access",
                "from_port": 22,
                "ipv6_cidr_blocks": [],
                "prefix_list_ids": [],
                "protocol": "tcp",
                "security_groups": [],
                "self": false,
                "to_port": 22
              }
            ],
            "name": "allow-common-ports",
            "name_prefix": "",
            "owner_id": "211105073492",
            "revoke_rules_on_delete": false,
            "tags": {
              "Name": "allow-common-ports"
            },
            "tags_all": {
              "Name": "allow-common-ports"
            },
            "timeouts": null,
            "vpc_id": "vpc-00a4835628d6c542f"
          },
          "sensitive_attributes": [],
          "private": "eyJlMmJmYjczMC1lY2FhLTExZTYtOGY4OC0zNDM2M2JjN2M0YzAiOnsiY3JlYXRlIjo2MDAwMDAwMDAwMDAsImRlbGV0ZSI6OTAwMDAwMDAwMDAwfSwic2NoZW1hX3ZlcnNpb24iOiIxIn0="
        }
      ]
    }
  ],
  "check_results": null
}
